schema: '2.0'
stages:
  generate_alerts:
    cmd: python scripts/generate_alerts.py
    deps:
    - path: scripts/generate_alerts.py
      hash: md5
      md5: 500a066230ad1a1675ccbbf13b96490f
      size: 2434
    outs:
    - path: data/generated/alerts.csv
      hash: md5
      md5: 06748d3a0daeb54fdf4c486566c35e6c
      size: 612379
  validate_alerts:
    cmd: python scripts/validate_alerts.py
    deps:
    - path: data/generated/alerts.csv
      hash: md5
      md5: 06748d3a0daeb54fdf4c486566c35e6c
      size: 612379
    - path: scripts/validate_alerts.py
      hash: md5
      md5: 5bc8b32bcf40ed15943e278d6e301ce3
      size: 1360
    outs:
    - path: data/validated/alerts.csv
      hash: md5
      md5: 06748d3a0daeb54fdf4c486566c35e6c
      size: 612379
  train_triage_model:
    cmd: python scripts/train_triage_model.py
    deps:
    - path: data/validated/alerts.csv
      hash: md5
      md5: 06748d3a0daeb54fdf4c486566c35e6c
      size: 612379
    - path: scripts/train_triage_model.py
      hash: md5
      md5: 039c19d8f65297eb917b7d2773672c6d
      size: 2744
    outs:
    - path: artifacts/models/severity_classifier.joblib
      hash: md5
      md5: 35112ab45e8588aaf3405720b5e81078
      size: 7769
    - path: artifacts/reports/training_metrics.json
      hash: md5
      md5: 475f0e1d5d77bd14406693dba608f4cc
      size: 1129
  benchmark_api:
    cmd: python scripts/benchmark_api.py
    deps:
    - path: alertpilot
      hash: md5
      md5: bbce028914069d70928824e9337c2f8f.dir
      size: 46365
      nfiles: 15
    - path: scripts/benchmark_api.py
      hash: md5
      md5: eebb1c3f064c3236ebf8f37486deb34e
      size: 3488
    outs:
    - path: artifacts/benchmarks/api_benchmark.json
      hash: md5
      md5: 4269487e8924a5a68ac3dc5ae2d4804c
      size: 249
    - path: artifacts/benchmarks/api_benchmark.md
      hash: md5
      md5: e088e11fe20ad8732f70d113d5f37316
      size: 187
